
Microsoft Visual Studio Solution File, Format Version 12.00
# Visual Studio 14
VisualStudioVersion = 14.0.24720.0
MinimumVisualStudioVersion = 10.0.40219.1
Project("{FAE04EC0-301F-11D3-BF4B-00C04F79EFBC}") = "instic", "instic\instic.csproj", "{DF0F144C-C232-4A56-9DBD-4D1C51CB452B}"
EndProject
Project("{FAE04EC0-301F-11D3-BF4B-00C04F79EFBC}") = "insticore", "insticore\insticore.csproj", "{52C593F8-F83F-484D-8EBA-401BDC78C081}"
EndProject
Project("{FAE04EC0-301F-11D3-BF4B-00C04F79EFBC}") = "regis3", "regis3\regis3.csproj", "{BD4EDF2F-A46C-49BD-B32B-67F27C4A4E0C}"
EndProject
Project("{FAE04EC0-301F-11D3-BF4B-00C04F79EFBC}") = "insti", "insti\insti.csproj", "{5CEB5CB6-D1DD-47B6-8556-FDF97C8772F5}"
EndProject
Project("{FAE04EC0-301F-11D3-BF4B-00C04F79EFBC}") = "insti2", "insti2\insti2.csproj", "{76ACE324-774B-41AE-816D-23DCA5F4D5B6}"
EndProject
Global
	GlobalSection(SolutionConfigurationPlatforms) = preSolution
		Debug|Any CPU = Debug|Any CPU
		Release|Any CPU = Release|Any CPU
	EndGlobalSection
	GlobalSection(ProjectConfigurationPlatforms) = postSolution
		{DF0F144C-C232-4A56-9DBD-4D1C51CB452B}.Debug|Any CPU.ActiveCfg = Debug|Any CPU
		{DF0F144C-C232-4A56-9DBD-4D1C51CB452B}.Debug|Any CPU.Build.0 = Debug|Any CPU
		{DF0F144C-C232-4A56-9DBD-4D1C51CB452B}.Release|Any CPU.ActiveCfg = Release|Any CPU
		{DF0F144C-C232-4A56-9DBD-4D1C51CB452B}.Release|Any CPU.Build.0 = Release|Any CPU
		{52C593F8-F83F-484D-8EBA-401BDC78C081}.Debug|Any CPU.ActiveCfg = Debug|Any CPU
		{52C593F8-F83F-484D-8EBA-401BDC78C081}.Debug|Any CPU.Build.0 = Debug|Any CPU
		{52C593F8-F83F-484D-8EBA-401BDC78C081}.Release|Any CPU.ActiveCfg = Release|Any CPU
		{52C593F8-F83F-484D-8EBA-401BDC78C081}.Release|Any CPU.Build.0 = Release|Any CPU
		{BD4EDF2F-A46C-49BD-B32B-67F27C4A4E0C}.Debug|Any CPU.ActiveCfg = Debug|Any CPU
		{BD4EDF2F-A46C-49BD-B32B-67F27C4A4E0C}.Debug|Any CPU.Build.0 = Debug|Any CPU
		{BD4EDF2F-A46C-49BD-B32B-67F27C4A4E0C}.Release|Any CPU.ActiveCfg = Release|Any CPU
		{BD4EDF2F-A46C-49BD-B32B-67F27C4A4E0C}.Release|Any CPU.Build.0 = Release|Any CPU
		{5CEB5CB6-D1DD-47B6-8556-FDF97C8772F5}.Debug|Any CPU.ActiveCfg = Debug|Any CPU
		{5CEB5CB6-D1DD-47B6-8556-FDF97C8772F5}.Debug|Any CPU.Build.0 = Debug|Any CPU
		{5CEB5CB6-D1DD-47B6-8556-FDF97C8772F5}.Release|Any CPU.ActiveCfg = Release|Any CPU
		{5CEB5CB6-D1DD-47B6-8556-FDF97C8772F5}.Release|Any CPU.Build.0 = Release|Any CPU
		{76ACE324-774B-41AE-816D-23DCA5F4D5B6}.Debug|Any CPU.ActiveCfg = Debug|Any CPU
		{76ACE324-774B-41AE-816D-23DCA5F4D5B6}.Debug|Any CPU.Build.0 = Debug|Any CPU
		{76ACE324-774B-41AE-816D-23DCA5F4D5B6}.Release|Any CPU.ActiveCfg = Release|Any CPU
		{76ACE324-774B-41AE-816D-23DCA5F4D5B6}.Release|Any CPU.Build.0 = Release|Any CPU
	EndGlobalSection
	GlobalSection(SolutionProperties) = preSolution
		HideSolutionNode = FALSE
	EndGlobalSection
EndGlobal
